
Microsoft Visual Studio Solution File, Format Version 12.00
# Visual Studio 15
VisualStudioVersion = 15.0.28307.136
MinimumVisualStudioVersion = 10.0.40219.1
Project("{FAE04EC0-301F-11D3-BF4B-00C04F79EFBC}") = "VandaModaIntima", "VandaModaIntima\VandaModaIntima.csproj", "{D5B08BCF-CA36-4C97-B464-65DF0C7CDAC3}"
EndProject
Project("{FAE04EC0-301F-11D3-BF4B-00C04F79EFBC}") = "VandaModaIntimaWpf", "VandaModaIntimaWpf\VandaModaIntimaWpf.csproj", "{FA1805B3-C7C6-4892-812B-EC6111B7D48A}"
EndProject
Global
	GlobalSection(SolutionConfigurationPlatforms) = preSolution
		Debug|Any CPU = Debug|Any CPU
		Release|Any CPU = Release|Any CPU
	EndGlobalSection
	GlobalSection(ProjectConfigurationPlatforms) = postSolution
		{D5B08BCF-CA36-4C97-B464-65DF0C7CDAC3}.Debug|Any CPU.ActiveCfg = Debug|Any CPU
		{D5B08BCF-CA36-4C97-B464-65DF0C7CDAC3}.Debug|Any CPU.Build.0 = Debug|Any CPU
		{D5B08BCF-CA36-4C97-B464-65DF0C7CDAC3}.Release|Any CPU.ActiveCfg = Release|Any CPU
		{D5B08BCF-CA36-4C97-B464-65DF0C7CDAC3}.Release|Any CPU.Build.0 = Release|Any CPU
		{FA1805B3-C7C6-4892-812B-EC6111B7D48A}.Debug|Any CPU.ActiveCfg = Debug|Any CPU
		{FA1805B3-C7C6-4892-812B-EC6111B7D48A}.Debug|Any CPU.Build.0 = Debug|Any CPU
		{FA1805B3-C7C6-4892-812B-EC6111B7D48A}.Release|Any CPU.ActiveCfg = Release|Any CPU
		{FA1805B3-C7C6-4892-812B-EC6111B7D48A}.Release|Any CPU.Build.0 = Release|Any CPU
	EndGlobalSection
	GlobalSection(SolutionProperties) = preSolution
		HideSolutionNode = FALSE
	EndGlobalSection
	GlobalSection(ExtensibilityGlobals) = postSolution
		SolutionGuid = {9620C09A-406B-46A5-8415-623A7DA7D5DF}
	EndGlobalSection
EndGlobal
