
Microsoft Visual Studio Solution File, Format Version 12.00
# Visual Studio Version 16
VisualStudioVersion = 16.0.29102.190
MinimumVisualStudioVersion = 10.0.40219.1
Project("{FAE04EC0-301F-11D3-BF4B-00C04F79EFBC}") = "VandaModaIntima", "VandaModaIntimaWpf\VandaModaIntima.csproj", "{FA1805B3-C7C6-4892-812B-EC6111B7D48A}"
EndProject
Project("{FAE04EC0-301F-11D3-BF4B-00C04F79EFBC}") = "VMIMqttBroker", "VMIMqttBroker\VMIMqttBroker.csproj", "{5FDB2820-977B-417D-B9A0-B7E939C0C271}"
EndProject
Global
	GlobalSection(SolutionConfigurationPlatforms) = preSolution
		Debug|Any CPU = Debug|Any CPU
		Release|Any CPU = Release|Any CPU
	EndGlobalSection
	GlobalSection(ProjectConfigurationPlatforms) = postSolution
		{FA1805B3-C7C6-4892-812B-EC6111B7D48A}.Debug|Any CPU.ActiveCfg = Debug|Any CPU
		{FA1805B3-C7C6-4892-812B-EC6111B7D48A}.Debug|Any CPU.Build.0 = Debug|Any CPU
		{FA1805B3-C7C6-4892-812B-EC6111B7D48A}.Release|Any CPU.ActiveCfg = Release|Any CPU
		{FA1805B3-C7C6-4892-812B-EC6111B7D48A}.Release|Any CPU.Build.0 = Release|Any CPU
		{5FDB2820-977B-417D-B9A0-B7E939C0C271}.Debug|Any CPU.ActiveCfg = Debug|Any CPU
		{5FDB2820-977B-417D-B9A0-B7E939C0C271}.Debug|Any CPU.Build.0 = Debug|Any CPU
		{5FDB2820-977B-417D-B9A0-B7E939C0C271}.Release|Any CPU.ActiveCfg = Release|Any CPU
		{5FDB2820-977B-417D-B9A0-B7E939C0C271}.Release|Any CPU.Build.0 = Release|Any CPU
	EndGlobalSection
	GlobalSection(SolutionProperties) = preSolution
		HideSolutionNode = FALSE
	EndGlobalSection
	GlobalSection(ExtensibilityGlobals) = postSolution
		SolutionGuid = {9620C09A-406B-46A5-8415-623A7DA7D5DF}
	EndGlobalSection
EndGlobal
